// !$*UTF8*$!
{
	archiveVersion = 1;
	classes = {
	};
	objectVersion = 55;
	objects = {

/* Begin PBXBuildFile section */
		2FABA7A727AFEC6B0045F09B /* AppDelegate.swift in Sources */ = {isa = PBXBuildFile; fileRef = 2FABA7A627AFEC6B0045F09B /* AppDelegate.swift */; };
		2FABA7A927AFEC6B0045F09B /* SceneDelegate.swift in Sources */ = {isa = PBXBuildFile; fileRef = 2FABA7A827AFEC6B0045F09B /* SceneDelegate.swift */; };
		2FABA7AB27AFEC6B0045F09B /* ViewController.swift in Sources */ = {isa = PBXBuildFile; fileRef = 2FABA7AA27AFEC6B0045F09B /* ViewController.swift */; };
		2FABA7AE27AFEC6B0045F09B /* Main.storyboard in Resources */ = {isa = PBXBuildFile; fileRef = 2FABA7AC27AFEC6B0045F09B /* Main.storyboard */; };
		2FABA7B027AFEC6D0045F09B /* Assets.xcassets in Resources */ = {isa = PBXBuildFile; fileRef = 2FABA7AF27AFEC6D0045F09B /* Assets.xcassets */; };
		2FABA7B327AFEC6D0045F09B /* LaunchScreen.storyboard in Resources */ = {isa = PBXBuildFile; fileRef = 2FABA7B127AFEC6D0045F09B /* LaunchScreen.storyboard */; };
		2FABA7C127AFECE00045F09B /* PLITextField.framework in Frameworks */ = {isa = PBXBuildFile; fileRef = 2FABA7BF27AFECA50045F09B /* PLITextField.framework */; };
		2FABA7C227AFECE00045F09B /* PLITextField.framework in Embed Frameworks */ = {isa = PBXBuildFile; fileRef = 2FABA7BF27AFECA50045F09B /* PLITextField.framework */; settings = {ATTRIBUTES = (CodeSignOnCopy, RemoveHeadersOnCopy, ); }; };
/* End PBXBuildFile section */

/* Begin PBXContainerItemProxy section */
		2FABA7BE27AFECA50045F09B /* PBXContainerItemProxy */ = {
			isa = PBXContainerItemProxy;
			containerPortal = 2FABA7BA27AFECA50045F09B /* PLITextField.xcodeproj */;
			proxyType = 2;
			remoteGlobalIDString = 2FABA76527AFE9E90045F09B;
			remoteInfo = PLITextField;
		};
/* End PBXContainerItemProxy section */

/* Begin PBXCopyFilesBuildPhase section */
		2FABA7C327AFECE00045F09B /* Embed Frameworks */ = {
			isa = PBXCopyFilesBuildPhase;
			buildActionMask = 2147483647;
			dstPath = "";
			dstSubfolderSpec = 10;
			files = (
				2FABA7C227AFECE00045F09B /* PLITextField.framework in Embed Frameworks */,
			);
			name = "Embed Frameworks";
			runOnlyForDeploymentPostprocessing = 0;
		};
/* End PBXCopyFilesBuildPhase section */

/* Begin PBXFileReference section */
		2FABA7A327AFEC6B0045F09B /* PLITextFieldDemo.app */ = {isa = PBXFileReference; explicitFileType = wrapper.application; includeInIndex = 0; path = PLITextFieldDemo.app; sourceTree = BUILT_PRODUCTS_DIR; };
		2FABA7A627AFEC6B0045F09B /* AppDelegate.swift */ = {isa = PBXFileReference; lastKnownFileType = sourcecode.swift; path = AppDelegate.swift; sourceTree = "<group>"; };
		2FABA7A827AFEC6B0045F09B /* SceneDelegate.swift */ = {isa = PBXFileReference; lastKnownFileType = sourcecode.swift; path = SceneDelegate.swift; sourceTree = "<group>"; };
		2FABA7AA27AFEC6B0045F09B /* ViewController.swift */ = {isa = PBXFileReference; lastKnownFileType = sourcecode.swift; path = ViewController.swift; sourceTree = "<group>"; };
		2FABA7AD27AFEC6B0045F09B /* Base */ = {isa = PBXFileReference; lastKnownFileType = file.storyboard; name = Base; path = Base.lproj/Main.storyboard; sourceTree = "<group>"; };
		2FABA7AF27AFEC6D0045F09B /* Assets.xcassets */ = {isa = PBXFileReference; lastKnownFileType = folder.assetcatalog; path = Assets.xcassets; sourceTree = "<group>"; };
		2FABA7B227AFEC6D0045F09B /* Base */ = {isa = PBXFileReference; lastKnownFileType = file.storyboard; name = Base; path = Base.lproj/LaunchScreen.storyboard; sourceTree = "<group>"; };
		2FABA7B427AFEC6D0045F09B /* Info.plist */ = {isa = PBXFileReference; lastKnownFileType = text.plist.xml; path = Info.plist; sourceTree = "<group>"; };
		2FABA7BA27AFECA50045F09B /* PLITextField.xcodeproj */ = {isa = PBXFileReference; lastKnownFileType = "wrapper.pb-project"; name = PLITextField.xcodeproj; path = ../../PLITextField/PLITextField.xcodeproj; sourceTree = "<group>"; };
/* End PBXFileReference section */

/* Begin PBXFrameworksBuildPhase section */
		2FABA7A027AFEC6B0045F09B /* Frameworks */ = {
			isa = PBXFrameworksBuildPhase;
			buildActionMask = 2147483647;
			files = (
				2FABA7C127AFECE00045F09B /* PLITextField.framework in Frameworks */,
			);
			runOnlyForDeploymentPostprocessing = 0;
		};
/* End PBXFrameworksBuildPhase section */

/* Begin PBXGroup section */
		2FABA79A27AFEC6B0045F09B = {
			isa = PBXGroup;
			children = (
				2FABA7BA27AFECA50045F09B /* PLITextField.xcodeproj */,
				2FABA7A527AFEC6B0045F09B /* PLITextFieldDemo */,
				2FABA7A427AFEC6B0045F09B /* Products */,
				2FABA7C027AFECE00045F09B /* Frameworks */,
			);
			sourceTree = "<group>";
		};
		2FABA7A427AFEC6B0045F09B /* Products */ = {
			isa = PBXGroup;
			children = (
				2FABA7A327AFEC6B0045F09B /* PLITextFieldDemo.app */,
			);
			name = Products;
			sourceTree = "<group>";
		};
		2FABA7A527AFEC6B0045F09B /* PLITextFieldDemo */ = {
			isa = PBXGroup;
			children = (
				2FABA7A627AFEC6B0045F09B /* AppDelegate.swift */,
				2FABA7A827AFEC6B0045F09B /* SceneDelegate.swift */,
				2FABA7AA27AFEC6B0045F09B /* ViewController.swift */,
				2FABA7AC27AFEC6B0045F09B /* Main.storyboard */,
				2FABA7AF27AFEC6D0045F09B /* Assets.xcassets */,
				2FABA7B127AFEC6D0045F09B /* LaunchScreen.storyboard */,
				2FABA7B427AFEC6D0045F09B /* Info.plist */,
			);
			path = PLITextFieldDemo;
			sourceTree = "<group>";
		};
		2FABA7BB27AFECA50045F09B /* Products */ = {
			isa = PBXGroup;
			children = (
				2FABA7BF27AFECA50045F09B /* PLITextField.framework */,
			);
			name = Products;
			sourceTree = "<group>";
		};
		2FABA7C027AFECE00045F09B /* Frameworks */ = {
			isa = PBXGroup;
			children = (
			);
			name = Frameworks;
			sourceTree = "<group>";
		};
/* End PBXGroup section */

/* Begin PBXNativeTarget section */
		2FABA7A227AFEC6B0045F09B /* PLITextFieldDemo */ = {
			isa = PBXNativeTarget;
			buildConfigurationList = 2FABA7B727AFEC6D0045F09B /* Build configuration list for PBXNativeTarget "PLITextFieldDemo" */;
			buildPhases = (
				2FABA79F27AFEC6B0045F09B /* Sources */,
				2FABA7A027AFEC6B0045F09B /* Frameworks */,
				2FABA7A127AFEC6B0045F09B /* Resources */,
				2FABA7C327AFECE00045F09B /* Embed Frameworks */,
			);
			buildRules = (
			);
			dependencies = (
			);
			name = PLITextFieldDemo;
			productName = PLITextFieldDemo;
			productReference = 2FABA7A327AFEC6B0045F09B /* PLITextFieldDemo.app */;
			productType = "com.apple.product-type.application";
		};
/* End PBXNativeTarget section */

/* Begin PBXProject section */
		2FABA79B27AFEC6B0045F09B /* Project object */ = {
			isa = PBXProject;
			attributes = {
				BuildIndependentTargetsInParallel = 1;
				LastSwiftUpdateCheck = 1320;
				LastUpgradeCheck = 1320;
				TargetAttributes = {
					2FABA7A227AFEC6B0045F09B = {
						CreatedOnToolsVersion = 13.2.1;
					};
				};
			};
			buildConfigurationList = 2FABA79E27AFEC6B0045F09B /* Build configuration list for PBXProject "PLITextFieldDemo" */;
			compatibilityVersion = "Xcode 13.0";
			developmentRegion = en;
			hasScannedForEncodings = 0;
			knownRegions = (
				en,
				Base,
			);
			mainGroup = 2FABA79A27AFEC6B0045F09B;
			productRefGroup = 2FABA7A427AFEC6B0045F09B /* Products */;
			projectDirPath = "";
			projectReferences = (
				{
					ProductGroup = 2FABA7BB27AFECA50045F09B /* Products */;
					ProjectRef = 2FABA7BA27AFECA50045F09B /* PLITextField.xcodeproj */;
				},
			);
			projectRoot = "";
			targets = (
				2FABA7A227AFEC6B0045F09B /* PLITextFieldDemo */,
			);
		};
/* End PBXProject section */

/* Begin PBXReferenceProxy section */
		2FABA7BF27AFECA50045F09B /* PLITextField.framework */ = {
			isa = PBXReferenceProxy;
			fileType = wrapper.framework;
			path = PLITextField.framework;
			remoteRef = 2FABA7BE27AFECA50045F09B /* PBXContainerItemProxy */;
			sourceTree = BUILT_PRODUCTS_DIR;
		};
/* End PBXReferenceProxy section */

/* Begin PBXResourcesBuildPhase section */
		2FABA7A127AFEC6B0045F09B /* Resources */ = {
			isa = PBXResourcesBuildPhase;
			buildActionMask = 2147483647;
			files = (
				2FABA7B327AFEC6D0045F09B /* LaunchScreen.storyboard in Resources */,
				2FABA7B027AFEC6D0045F09B /* Assets.xcassets in Resources */,
				2FABA7AE27AFEC6B0045F09B /* Main.storyboard in Resources */,
			);
			runOnlyForDeploymentPostprocessing = 0;
		};
/* End PBXResourcesBuildPhase section */

/* Begin PBXSourcesBuildPhase section */
		2FABA79F27AFEC6B0045F09B /* Sources */ = {
			isa = PBXSourcesBuildPhase;
			buildActionMask = 2147483647;
			files = (
				2FABA7AB27AFEC6B0045F09B /* ViewController.swift in Sources */,
				2FABA7A727AFEC6B0045F09B /* AppDelegate.swift in Sources */,
				2FABA7A927AFEC6B0045F09B /* SceneDelegate.swift in Sources */,
			);
			runOnlyForDeploymentPostprocessing = 0;
		};
/* End PBXSourcesBuildPhase section */

/* Begin PBXVariantGroup section */
		2FABA7AC27AFEC6B0045F09B /* Main.storyboard */ = {
			isa = PBXVariantGroup;
			children = (
				2FABA7AD27AFEC6B0045F09B /* Base */,
			);
			name = Main.storyboard;
			sourceTree = "<group>";
		};
		2FABA7B127AFEC6D0045F09B /* LaunchScreen.storyboard */ = {
			isa = PBXVariantGroup;
			children = (
				2FABA7B227AFEC6D0045F09B /* Base */,
			);
			name = LaunchScreen.storyboard;
			sourceTree = "<group>";
		};
/* End PBXVariantGroup section */

/* Begin XCBuildConfiguration section */
		2FABA7B527AFEC6D0045F09B /* Debug */ = {
			isa = XCBuildConfiguration;
			buildSettings = {
				ALWAYS_SEARCH_USER_PATHS = NO;
				CLANG_ANALYZER_NONNULL = YES;
				CLANG_ANALYZER_NUMBER_OBJECT_CONVERSION = YES_AGGRESSIVE;
				CLANG_CXX_LANGUAGE_STANDARD = "gnu++17";
				CLANG_CXX_LIBRARY = "libc++";
				CLANG_ENABLE_MODULES = YES;
				CLANG_ENABLE_OBJC_ARC = YES;
				CLANG_ENABLE_OBJC_WEAK = YES;
				CLANG_WARN_BLOCK_CAPTURE_AUTORELEASING = YES;
				CLANG_WARN_BOOL_CONVERSION = YES;
				CLANG_WARN_COMMA = YES;
				CLANG_WARN_CONSTANT_CONVERSION = YES;
				CLANG_WARN_DEPRECATED_OBJC_IMPLEMENTATIONS = YES;
				CLANG_WARN_DIRECT_OBJC_ISA_USAGE = YES_ERROR;
				CLANG_WARN_DOCUMENTATION_COMMENTS = YES;
				CLANG_WARN_EMPTY_BODY = YES;
				CLANG_WARN_ENUM_CONVERSION = YES;
				CLANG_WARN_INFINITE_RECURSION = YES;
				CLANG_WARN_INT_CONVERSION = YES;
				CLANG_WARN_NON_LITERAL_NULL_CONVERSION = YES;
				CLANG_WARN_OBJC_IMPLICIT_RETAIN_SELF = YES;
				CLANG_WARN_OBJC_LITERAL_CONVERSION = YES;
				CLANG_WARN_OBJC_ROOT_CLASS = YES_ERROR;
				CLANG_WARN_QUOTED_INCLUDE_IN_FRAMEWORK_HEADER = YES;
				CLANG_WARN_RANGE_LOOP_ANALYSIS = YES;
				CLANG_WARN_STRICT_PROTOTYPES = YES;
				CLANG_WARN_SUSPICIOUS_MOVE = YES;
				CLANG_WARN_UNGUARDED_AVAILABILITY = YES_AGGRESSIVE;
				CLANG_WARN_UNREACHABLE_CODE = YES;
				CLANG_WARN__DUPLICATE_METHOD_MATCH = YES;
				COPY_PHASE_STRIP = NO;
				DEBUG_INFORMATION_FORMAT = dwarf;
				ENABLE_STRICT_OBJC_MSGSEND = YES;
				ENABLE_TESTABILITY = YES;
				GCC_C_LANGUAGE_STANDARD = gnu11;
				GCC_DYNAMIC_NO_PIC = NO;
				GCC_NO_COMMON_BLOCKS = YES;
				GCC_OPTIMIZATION_LEVEL = 0;
				GCC_PREPROCESSOR_DEFINITIONS = (
					"DEBUG=1",
					"$(inherited)",
				);
				GCC_WARN_64_TO_32_BIT_CONVERSION = YES;
				GCC_WARN_ABOUT_RETURN_TYPE = YES_ERROR;
				GCC_WARN_UNDECLARED_SELECTOR = YES;
				GCC_WARN_UNINITIALIZED_AUTOS = YES_AGGRESSIVE;
				GCC_WARN_UNUSED_FUNCTION = YES;
				GCC_WARN_UNUSED_VARIABLE = YES;
				IPHONEOS_DEPLOYMENT_TARGET = 15.2;
				MTL_ENABLE_DEBUG_INFO = INCLUDE_SOURCE;
				MTL_FAST_MATH = YES;
				ONLY_ACTIVE_ARCH = YES;
				SDKROOT = iphoneos;
				SWIFT_ACTIVE_COMPILATION_CONDITIONS = DEBUG;
				SWIFT_OPTIMIZATION_LEVEL = "-Onone";
			};
			name = Debug;
		};
		2FABA7B627AFEC6D0045F09B /* Release */ = {
			isa = XCBuildConfiguration;
			buildSettings = {
				ALWAYS_SEARCH_USER_PATHS = NO;
				CLANG_ANALYZER_NONNULL = YES;
				CLANG_ANALYZER_NUMBER_OBJECT_CONVERSION = YES_AGGRESSIVE;
				CLANG_CXX_LANGUAGE_STANDARD = "gnu++17";
				CLANG_CXX_LIBRARY = "libc++";
				CLANG_ENABLE_MODULES = YES;
				CLANG_ENABLE_OBJC_ARC = YES;
				CLANG_ENABLE_OBJC_WEAK = YES;
				CLANG_WARN_BLOCK_CAPTURE_AUTORELEASING = YES;
				CLANG_WARN_BOOL_CONVERSION = YES;
				CLANG_WARN_COMMA = YES;
				CLANG_WARN_CONSTANT_CONVERSION = YES;
				CLANG_WARN_DEPRECATED_OBJC_IMPLEMENTATIONS = YES;
				CLANG_WARN_DIRECT_OBJC_ISA_USAGE = YES_ERROR;
				CLANG_WARN_DOCUMENTATION_COMMENTS = YES;
				CLANG_WARN_EMPTY_BODY = YES;
				CLANG_WARN_ENUM_CONVERSION = YES;
				CLANG_WARN_INFINITE_RECURSION = YES;
				CLANG_WARN_INT_CONVERSION = YES;
				CLANG_WARN_NON_LITERAL_NULL_CONVERSION = YES;
				CLANG_WARN_OBJC_IMPLICIT_RETAIN_SELF = YES;
				CLANG_WARN_OBJC_LITERAL_CONVERSION = YES;
				CLANG_WARN_OBJC_ROOT_CLASS = YES_ERROR;
				CLANG_WARN_QUOTED_INCLUDE_IN_FRAMEWORK_HEADER = YES;
				CLANG_WARN_RANGE_LOOP_ANALYSIS = YES;
				CLANG_WARN_STRICT_PROTOTYPES = YES;
				CLANG_WARN_SUSPICIOUS_MOVE = YES;
				CLANG_WARN_UNGUARDED_AVAILABILITY = YES_AGGRESSIVE;
				CLANG_WARN_UNREACHABLE_CODE = YES;
				CLANG_WARN__DUPLICATE_METHOD_MATCH = YES;
				COPY_PHASE_STRIP = NO;
				DEBUG_INFORMATION_FORMAT = "dwarf-with-dsym";
				ENABLE_NS_ASSERTIONS = NO;
				ENABLE_STRICT_OBJC_MSGSEND = YES;
				GCC_C_LANGUAGE_STANDARD = gnu11;
				GCC_NO_COMMON_BLOCKS = YES;
				GCC_WARN_64_TO_32_BIT_CONVERSION = YES;
				GCC_WARN_ABOUT_RETURN_TYPE = YES_ERROR;
				GCC_WARN_UNDECLARED_SELECTOR = YES;
				GCC_WARN_UNINITIALIZED_AUTOS = YES_AGGRESSIVE;
				GCC_WARN_UNUSED_FUNCTION = YES;
				GCC_WARN_UNUSED_VARIABLE = YES;
				IPHONEOS_DEPLOYMENT_TARGET = 15.2;
				MTL_ENABLE_DEBUG_INFO = NO;
				MTL_FAST_MATH = YES;
				SDKROOT = iphoneos;
				SWIFT_COMPILATION_MODE = wholemodule;
				SWIFT_OPTIMIZATION_LEVEL = "-O";
				VALIDATE_PRODUCT = YES;
			};
			name = Release;
		};
		2FABA7B827AFEC6D0045F09B /* Debug */ = {
			isa = XCBuildConfiguration;
			buildSettings = {
				ASSETCATALOG_COMPILER_APPICON_NAME = AppIcon;
				ASSETCATALOG_COMPILER_GLOBAL_ACCENT_COLOR_NAME = AccentColor;
				CODE_SIGN_STYLE = Automatic;
				CURRENT_PROJECT_VERSION = 1;
				DEVELOPMENT_TEAM = VSNA2FCKSR;
				GENERATE_INFOPLIST_FILE = YES;
				INFOPLIST_FILE = PLITextFieldDemo/Info.plist;
				INFOPLIST_KEY_UIApplicationSupportsIndirectInputEvents = YES;
				INFOPLIST_KEY_UILaunchStoryboardName = LaunchScreen;
				INFOPLIST_KEY_UIMainStoryboardFile = Main;
				INFOPLIST_KEY_UISupportedInterfaceOrientations_iPad = "UIInterfaceOrientationPortrait UIInterfaceOrientationPortraitUpsideDown UIInterfaceOrientationLandscapeLeft UIInterfaceOrientationLandscapeRight";
				INFOPLIST_KEY_UISupportedInterfaceOrientations_iPhone = "UIInterfaceOrientationPortrait UIInterfaceOrientationLandscapeLeft UIInterfaceOrientationLandscapeRight";
				IPHONEOS_DEPLOYMENT_TARGET = 13.0;
				LD_RUNPATH_SEARCH_PATHS = (
					"$(inherited)",
					"@executable_path/Frameworks",
				);
				MARKETING_VERSION = 1.0;
				PRODUCT_BUNDLE_IDENTIFIER = com.plitextfield.PLITextFieldDemo;
				PRODUCT_NAME = "$(TARGET_NAME)";
				SWIFT_EMIT_LOC_STRINGS = YES;
				SWIFT_VERSION = 5.0;
				TARGETED_DEVICE_FAMILY = "1,2";
			};
			name = Debug;
		};
		2FABA7B927AFEC6D0045F09B /* Release */ = {
			isa = XCBuildConfiguration;
			buildSettings = {
				ASSETCATALOG_COMPILER_APPICON_NAME = AppIcon;
				ASSETCATALOG_COMPILER_GLOBAL_ACCENT_COLOR_NAME = AccentColor;
				CODE_SIGN_STYLE = Automatic;
				CURRENT_PROJECT_VERSION = 1;
				DEVELOPMENT_TEAM = VSNA2FCKSR;
				GENERATE_INFOPLIST_FILE = YES;
				INFOPLIST_FILE = PLITextFieldDemo/Info.plist;
				INFOPLIST_KEY_UIApplicationSupportsIndirectInputEvents = YES;
				INFOPLIST_KEY_UILaunchStoryboardName = LaunchScreen;
				INFOPLIST_KEY_UIMainStoryboardFile = Main;
				INFOPLIST_KEY_UISupportedInterfaceOrientations_iPad = "UIInterfaceOrientationPortrait UIInterfaceOrientationPortraitUpsideDown UIInterfaceOrientationLandscapeLeft UIInterfaceOrientationLandscapeRight";
				INFOPLIST_KEY_UISupportedInterfaceOrientations_iPhone = "UIInterfaceOrientationPortrait UIInterfaceOrientationLandscapeLeft UIInterfaceOrientationLandscapeRight";
				IPHONEOS_DEPLOYMENT_TARGET = 13.0;
				LD_RUNPATH_SEARCH_PATHS = (
					"$(inherited)",
					"@executable_path/Frameworks",
				);
				MARKETING_VERSION = 1.0;
				PRODUCT_BUNDLE_IDENTIFIER = com.plitextfield.PLITextFieldDemo;
				PRODUCT_NAME = "$(TARGET_NAME)";
				SWIFT_EMIT_LOC_STRINGS = YES;
				SWIFT_VERSION = 5.0;
				TARGETED_DEVICE_FAMILY = "1,2";
			};
			name = Release;
		};
/* End XCBuildConfiguration section */

/* Begin XCConfigurationList section */
		2FABA79E27AFEC6B0045F09B /* Build configuration list for PBXProject "PLITextFieldDemo" */ = {
			isa = XCConfigurationList;
			buildConfigurations = (
				2FABA7B527AFEC6D0045F09B /* Debug */,
				2FABA7B627AFEC6D0045F09B /* Release */,
			);
			defaultConfigurationIsVisible = 0;
			defaultConfigurationName = Release;
		};
		2FABA7B727AFEC6D0045F09B /* Build configuration list for PBXNativeTarget "PLITextFieldDemo" */ = {
			isa = XCConfigurationList;
			buildConfigurations = (
				2FABA7B827AFEC6D0045F09B /* Debug */,
				2FABA7B927AFEC6D0045F09B /* Release */,
			);
			defaultConfigurationIsVisible = 0;
			defaultConfigurationName = Release;
		};
/* End XCConfigurationList section */
	};
	rootObject = 2FABA79B27AFEC6B0045F09B /* Project object */;
}
